
Microsoft Visual Studio Solution File, Format Version 12.00
# Visual Studio 15
VisualStudioVersion = 15.0.28307.136
MinimumVisualStudioVersion = 10.0.40219.1
Project("{FAE04EC0-301F-11D3-BF4B-00C04F79EFBC}") = "WindowsFormsApp6", "WindowsFormsApp6\WindowsFormsApp6.csproj", "{895775A6-442D-4985-A043-9306F98D26B4}"
EndProject
Global
	GlobalSection(SolutionConfigurationPlatforms) = preSolution
		Debug|Any CPU = Debug|Any CPU
		Release|Any CPU = Release|Any CPU
	EndGlobalSection
	GlobalSection(ProjectConfigurationPlatforms) = postSolution
		{895775A6-442D-4985-A043-9306F98D26B4}.Debug|Any CPU.ActiveCfg = Debug|Any CPU
		{895775A6-442D-4985-A043-9306F98D26B4}.Debug|Any CPU.Build.0 = Debug|Any CPU
		{895775A6-442D-4985-A043-9306F98D26B4}.Release|Any CPU.ActiveCfg = Release|Any CPU
		{895775A6-442D-4985-A043-9306F98D26B4}.Release|Any CPU.Build.0 = Release|Any CPU
	EndGlobalSection
	GlobalSection(SolutionProperties) = preSolution
		HideSolutionNode = FALSE
	EndGlobalSection
	GlobalSection(ExtensibilityGlobals) = postSolution
		SolutionGuid = {D5F806A2-4236-4FA5-BA02-5C559092F7E1}
	EndGlobalSection
EndGlobal
